
Microsoft Visual Studio Solution File, Format Version 12.00
# Visual Studio Version 17
VisualStudioVersion = 17.4.33213.308
MinimumVisualStudioVersion = 10.0.40219.1
Project("{FAE04EC0-301F-11D3-BF4B-00C04F79EFBC}") = "DynacoopTCC.Logistics.Plugin", "DynacoopTCC.Logistics.Plugin\DynacoopTCC.Logistics.Plugin.csproj", "{03BA5615-6E93-4FD2-8FC6-94C982EE7E66}"
EndProject
Project("{FAE04EC0-301F-11D3-BF4B-00C04F79EFBC}") = "DynacoopTCC.Logistics.Console", "DynacoopTCC.Logistics.Console\DynacoopTCC.Logistics.Console.csproj", "{EA2E85F7-0102-44D8-8D3E-33653BA22F3A}"
EndProject
Global
	GlobalSection(SolutionConfigurationPlatforms) = preSolution
		Debug|Any CPU = Debug|Any CPU
		Release|Any CPU = Release|Any CPU
	EndGlobalSection
	GlobalSection(ProjectConfigurationPlatforms) = postSolution
		{03BA5615-6E93-4FD2-8FC6-94C982EE7E66}.Debug|Any CPU.ActiveCfg = Debug|Any CPU
		{03BA5615-6E93-4FD2-8FC6-94C982EE7E66}.Debug|Any CPU.Build.0 = Debug|Any CPU
		{03BA5615-6E93-4FD2-8FC6-94C982EE7E66}.Release|Any CPU.ActiveCfg = Release|Any CPU
		{03BA5615-6E93-4FD2-8FC6-94C982EE7E66}.Release|Any CPU.Build.0 = Release|Any CPU
		{EA2E85F7-0102-44D8-8D3E-33653BA22F3A}.Debug|Any CPU.ActiveCfg = Debug|Any CPU
		{EA2E85F7-0102-44D8-8D3E-33653BA22F3A}.Debug|Any CPU.Build.0 = Debug|Any CPU
		{EA2E85F7-0102-44D8-8D3E-33653BA22F3A}.Release|Any CPU.ActiveCfg = Release|Any CPU
		{EA2E85F7-0102-44D8-8D3E-33653BA22F3A}.Release|Any CPU.Build.0 = Release|Any CPU
	EndGlobalSection
	GlobalSection(SolutionProperties) = preSolution
		HideSolutionNode = FALSE
	EndGlobalSection
	GlobalSection(ExtensibilityGlobals) = postSolution
		SolutionGuid = {436998F9-2E5F-4E6A-A8B4-71F0B48C2458}
	EndGlobalSection
EndGlobal
